
Microsoft Visual Studio Solution File, Format Version 12.00
# Visual Studio Version 17
VisualStudioVersion = 17.8.34330.188
MinimumVisualStudioVersion = 10.0.40219.1
Project("{9A19103F-16F7-4668-BE54-9A1E7A4F7556}") = "FileExplorer", "FileExplorer\FileExplorer.csproj", "{FE5964ED-798B-4461-BB75-488C46B63A2D}"
EndProject
Project("{9A19103F-16F7-4668-BE54-9A1E7A4F7556}") = "FileExplorer.Desktop", "FileExplorer.Desktop\FileExplorer.Desktop.csproj", "{7662BF7B-ACEE-41E8-B516-B2839E5C67CC}"
EndProject
Project("{FAE04EC0-301F-11D3-BF4B-00C04F79EFBC}") = "FileExplorer.Tests", "FileExplorer.Tests\FileExplorer.Tests.csproj", "{F045DB2E-7FB6-44B1-8B66-F3219FCADB4D}"
EndProject
Global
	GlobalSection(SolutionConfigurationPlatforms) = preSolution
		Debug|Any CPU = Debug|Any CPU
		Release|Any CPU = Release|Any CPU
	EndGlobalSection
	GlobalSection(ProjectConfigurationPlatforms) = postSolution
		{FE5964ED-798B-4461-BB75-488C46B63A2D}.Debug|Any CPU.ActiveCfg = Debug|Any CPU
		{FE5964ED-798B-4461-BB75-488C46B63A2D}.Debug|Any CPU.Build.0 = Debug|Any CPU
		{FE5964ED-798B-4461-BB75-488C46B63A2D}.Release|Any CPU.ActiveCfg = Release|Any CPU
		{FE5964ED-798B-4461-BB75-488C46B63A2D}.Release|Any CPU.Build.0 = Release|Any CPU
		{7662BF7B-ACEE-41E8-B516-B2839E5C67CC}.Debug|Any CPU.ActiveCfg = Debug|Any CPU
		{7662BF7B-ACEE-41E8-B516-B2839E5C67CC}.Debug|Any CPU.Build.0 = Debug|Any CPU
		{7662BF7B-ACEE-41E8-B516-B2839E5C67CC}.Release|Any CPU.ActiveCfg = Release|Any CPU
		{7662BF7B-ACEE-41E8-B516-B2839E5C67CC}.Release|Any CPU.Build.0 = Release|Any CPU
		{F045DB2E-7FB6-44B1-8B66-F3219FCADB4D}.Debug|Any CPU.ActiveCfg = Debug|Any CPU
		{F045DB2E-7FB6-44B1-8B66-F3219FCADB4D}.Debug|Any CPU.Build.0 = Debug|Any CPU
		{F045DB2E-7FB6-44B1-8B66-F3219FCADB4D}.Release|Any CPU.ActiveCfg = Release|Any CPU
		{F045DB2E-7FB6-44B1-8B66-F3219FCADB4D}.Release|Any CPU.Build.0 = Release|Any CPU
	EndGlobalSection
	GlobalSection(SolutionProperties) = preSolution
		HideSolutionNode = FALSE
	EndGlobalSection
	GlobalSection(ExtensibilityGlobals) = postSolution
		SolutionGuid = {C74DB55C-067F-4DC9-9B18-95B619E09EC9}
	EndGlobalSection
EndGlobal
